// !$*UTF8*$!
{
	archiveVersion = 1;
	classes = {
	};
	objectVersion = 55;
	objects = {

/* Begin PBXBuildFile section */
		9049B1E127993CF90008F99A /* Helpers.swift in Sources */ = {isa = PBXBuildFile; fileRef = 9049B1E027993CF90008F99A /* Helpers.swift */; };
		9049B1E327993D660008F99A /* UNUserNotificationCenterManager.swift in Sources */ = {isa = PBXBuildFile; fileRef = 9049B1E227993D660008F99A /* UNUserNotificationCenterManager.swift */; };
		9049B1E5279941130008F99A /* PopupVC.xib in Resources */ = {isa = PBXBuildFile; fileRef = 9049B1E4279941130008F99A /* PopupVC.xib */; };
		C90CF83B278729C0000B704C /* QuestionVC.swift in Sources */ = {isa = PBXBuildFile; fileRef = C90CF83A278729C0000B704C /* QuestionVC.swift */; };
		C93AE2042768A11D00BEF268 /* AppDelegate.swift in Sources */ = {isa = PBXBuildFile; fileRef = C93AE2032768A11D00BEF268 /* AppDelegate.swift */; };
		C93AE2062768A11D00BEF268 /* SceneDelegate.swift in Sources */ = {isa = PBXBuildFile; fileRef = C93AE2052768A11D00BEF268 /* SceneDelegate.swift */; };
		C93AE2082768A11D00BEF268 /* NotificationVC.swift in Sources */ = {isa = PBXBuildFile; fileRef = C93AE2072768A11D00BEF268 /* NotificationVC.swift */; };
		C93AE20B2768A11D00BEF268 /* Main.storyboard in Resources */ = {isa = PBXBuildFile; fileRef = C93AE2092768A11D00BEF268 /* Main.storyboard */; };
		C93AE20D2768A11F00BEF268 /* Assets.xcassets in Resources */ = {isa = PBXBuildFile; fileRef = C93AE20C2768A11F00BEF268 /* Assets.xcassets */; };
		C93AE2102768A11F00BEF268 /* LaunchScreen.storyboard in Resources */ = {isa = PBXBuildFile; fileRef = C93AE20E2768A11F00BEF268 /* LaunchScreen.storyboard */; };
		C968DFD4276B32B800DF86EE /* NotificationHandler.swift in Sources */ = {isa = PBXBuildFile; fileRef = C968DFD3276B32B800DF86EE /* NotificationHandler.swift */; };
		C97CADBE278EFB7D003F9564 /* PopupVC.swift in Sources */ = {isa = PBXBuildFile; fileRef = C97CADBD278EFB7D003F9564 /* PopupVC.swift */; };
		C9852BA02769D84C005BCC00 /* SecondVC.swift in Sources */ = {isa = PBXBuildFile; fileRef = C9852B9F2769D84B005BCC00 /* SecondVC.swift */; };
		C9BBE16B27984AB9002978B4 /* PopupVM.swift in Sources */ = {isa = PBXBuildFile; fileRef = C9BBE16A27984AB9002978B4 /* PopupVM.swift */; };
/* End PBXBuildFile section */

/* Begin PBXFileReference section */
		9049B1E027993CF90008F99A /* Helpers.swift */ = {isa = PBXFileReference; lastKnownFileType = sourcecode.swift; path = Helpers.swift; sourceTree = "<group>"; };
		9049B1E227993D660008F99A /* UNUserNotificationCenterManager.swift */ = {isa = PBXFileReference; lastKnownFileType = sourcecode.swift; path = UNUserNotificationCenterManager.swift; sourceTree = "<group>"; };
		9049B1E4279941130008F99A /* PopupVC.xib */ = {isa = PBXFileReference; lastKnownFileType = file.xib; path = PopupVC.xib; sourceTree = "<group>"; };
		C90CF83A278729C0000B704C /* QuestionVC.swift */ = {isa = PBXFileReference; lastKnownFileType = sourcecode.swift; path = QuestionVC.swift; sourceTree = "<group>"; };
		C93AE2002768A11D00BEF268 /* LocalNotification1H.app */ = {isa = PBXFileReference; explicitFileType = wrapper.application; includeInIndex = 0; path = LocalNotification1H.app; sourceTree = BUILT_PRODUCTS_DIR; };
		C93AE2032768A11D00BEF268 /* AppDelegate.swift */ = {isa = PBXFileReference; lastKnownFileType = sourcecode.swift; path = AppDelegate.swift; sourceTree = "<group>"; };
		C93AE2052768A11D00BEF268 /* SceneDelegate.swift */ = {isa = PBXFileReference; lastKnownFileType = sourcecode.swift; path = SceneDelegate.swift; sourceTree = "<group>"; };
		C93AE2072768A11D00BEF268 /* NotificationVC.swift */ = {isa = PBXFileReference; lastKnownFileType = sourcecode.swift; path = NotificationVC.swift; sourceTree = "<group>"; };
		C93AE20A2768A11D00BEF268 /* Base */ = {isa = PBXFileReference; lastKnownFileType = file.storyboard; name = Base; path = Base.lproj/Main.storyboard; sourceTree = "<group>"; };
		C93AE20C2768A11F00BEF268 /* Assets.xcassets */ = {isa = PBXFileReference; lastKnownFileType = folder.assetcatalog; path = Assets.xcassets; sourceTree = "<group>"; };
		C93AE20F2768A11F00BEF268 /* Base */ = {isa = PBXFileReference; lastKnownFileType = file.storyboard; name = Base; path = Base.lproj/LaunchScreen.storyboard; sourceTree = "<group>"; };
		C93AE2112768A11F00BEF268 /* Info.plist */ = {isa = PBXFileReference; lastKnownFileType = text.plist.xml; path = Info.plist; sourceTree = "<group>"; };
		C968DFD3276B32B800DF86EE /* NotificationHandler.swift */ = {isa = PBXFileReference; lastKnownFileType = sourcecode.swift; path = NotificationHandler.swift; sourceTree = "<group>"; };
		C97CADBD278EFB7D003F9564 /* PopupVC.swift */ = {isa = PBXFileReference; lastKnownFileType = sourcecode.swift; path = PopupVC.swift; sourceTree = "<group>"; };
		C9852B9F2769D84B005BCC00 /* SecondVC.swift */ = {isa = PBXFileReference; lastKnownFileType = sourcecode.swift; path = SecondVC.swift; sourceTree = "<group>"; };
		C9BBE16A27984AB9002978B4 /* PopupVM.swift */ = {isa = PBXFileReference; lastKnownFileType = sourcecode.swift; path = PopupVM.swift; sourceTree = "<group>"; };
/* End PBXFileReference section */

/* Begin PBXFrameworksBuildPhase section */
		C93AE1FD2768A11D00BEF268 /* Frameworks */ = {
			isa = PBXFrameworksBuildPhase;
			buildActionMask = 2147483647;
			files = (
			);
			runOnlyForDeploymentPostprocessing = 0;
		};
/* End PBXFrameworksBuildPhase section */

/* Begin PBXGroup section */
		C93AE1F72768A11D00BEF268 = {
			isa = PBXGroup;
			children = (
				C93AE2022768A11D00BEF268 /* LocalNotification1H */,
				C93AE2012768A11D00BEF268 /* Products */,
			);
			sourceTree = "<group>";
		};
		C93AE2012768A11D00BEF268 /* Products */ = {
			isa = PBXGroup;
			children = (
				C93AE2002768A11D00BEF268 /* LocalNotification1H.app */,
			);
			name = Products;
			sourceTree = "<group>";
		};
		C93AE2022768A11D00BEF268 /* LocalNotification1H */ = {
			isa = PBXGroup;
			children = (
				C98FB0C62768D38A00CDDC01 /* View */,
				C98FB0C52768D38500CDDC01 /* Controllers */,
				C98FB0C42768D37F00CDDC01 /* Main */,
				C93AE20C2768A11F00BEF268 /* Assets.xcassets */,
				C93AE20E2768A11F00BEF268 /* LaunchScreen.storyboard */,
				C93AE2112768A11F00BEF268 /* Info.plist */,
			);
			path = LocalNotification1H;
			sourceTree = "<group>";
		};
		C97CADBC278EFB5B003F9564 /* Popup */ = {
			isa = PBXGroup;
			children = (
				C97CADBD278EFB7D003F9564 /* PopupVC.swift */,
				C9BBE16A27984AB9002978B4 /* PopupVM.swift */,
				9049B1E4279941130008F99A /* PopupVC.xib */,
			);
			path = Popup;
			sourceTree = "<group>";
		};
		C98FB0C42768D37F00CDDC01 /* Main */ = {
			isa = PBXGroup;
			children = (
				C93AE2032768A11D00BEF268 /* AppDelegate.swift */,
				C93AE2052768A11D00BEF268 /* SceneDelegate.swift */,
			);
			path = Main;
			sourceTree = "<group>";
		};
		C98FB0C52768D38500CDDC01 /* Controllers */ = {
			isa = PBXGroup;
			children = (
				C97CADBC278EFB5B003F9564 /* Popup */,
				C93AE2072768A11D00BEF268 /* NotificationVC.swift */,
				C9852B9F2769D84B005BCC00 /* SecondVC.swift */,
				C968DFD3276B32B800DF86EE /* NotificationHandler.swift */,
				9049B1E227993D660008F99A /* UNUserNotificationCenterManager.swift */,
				9049B1E027993CF90008F99A /* Helpers.swift */,
				C90CF83A278729C0000B704C /* QuestionVC.swift */,
			);
			path = Controllers;
			sourceTree = "<group>";
		};
		C98FB0C62768D38A00CDDC01 /* View */ = {
			isa = PBXGroup;
			children = (
				C93AE2092768A11D00BEF268 /* Main.storyboard */,
			);
			path = View;
			sourceTree = "<group>";
		};
/* End PBXGroup section */

/* Begin PBXNativeTarget section */
		C93AE1FF2768A11D00BEF268 /* LocalNotification1H */ = {
			isa = PBXNativeTarget;
			buildConfigurationList = C93AE2142768A11F00BEF268 /* Build configuration list for PBXNativeTarget "LocalNotification1H" */;
			buildPhases = (
				C93AE1FC2768A11D00BEF268 /* Sources */,
				C93AE1FD2768A11D00BEF268 /* Frameworks */,
				C93AE1FE2768A11D00BEF268 /* Resources */,
			);
			buildRules = (
			);
			dependencies = (
			);
			name = LocalNotification1H;
			productName = LocalNotification1H;
			productReference = C93AE2002768A11D00BEF268 /* LocalNotification1H.app */;
			productType = "com.apple.product-type.application";
		};
/* End PBXNativeTarget section */

/* Begin PBXProject section */
		C93AE1F82768A11D00BEF268 /* Project object */ = {
			isa = PBXProject;
			attributes = {
				BuildIndependentTargetsInParallel = 1;
				LastSwiftUpdateCheck = 1310;
				LastUpgradeCheck = 1310;
				TargetAttributes = {
					C93AE1FF2768A11D00BEF268 = {
						CreatedOnToolsVersion = 13.1;
					};
				};
			};
			buildConfigurationList = C93AE1FB2768A11D00BEF268 /* Build configuration list for PBXProject "LocalNotification1H" */;
			compatibilityVersion = "Xcode 13.0";
			developmentRegion = en;
			hasScannedForEncodings = 0;
			knownRegions = (
				en,
				Base,
			);
			mainGroup = C93AE1F72768A11D00BEF268;
			productRefGroup = C93AE2012768A11D00BEF268 /* Products */;
			projectDirPath = "";
			projectRoot = "";
			targets = (
				C93AE1FF2768A11D00BEF268 /* LocalNotification1H */,
			);
		};
/* End PBXProject section */

/* Begin PBXResourcesBuildPhase section */
		C93AE1FE2768A11D00BEF268 /* Resources */ = {
			isa = PBXResourcesBuildPhase;
			buildActionMask = 2147483647;
			files = (
				C93AE2102768A11F00BEF268 /* LaunchScreen.storyboard in Resources */,
				9049B1E5279941130008F99A /* PopupVC.xib in Resources */,
				C93AE20D2768A11F00BEF268 /* Assets.xcassets in Resources */,
				C93AE20B2768A11D00BEF268 /* Main.storyboard in Resources */,
			);
			runOnlyForDeploymentPostprocessing = 0;
		};
/* End PBXResourcesBuildPhase section */

/* Begin PBXSourcesBuildPhase section */
		C93AE1FC2768A11D00BEF268 /* Sources */ = {
			isa = PBXSourcesBuildPhase;
			buildActionMask = 2147483647;
			files = (
				C93AE2082768A11D00BEF268 /* NotificationVC.swift in Sources */,
				C93AE2042768A11D00BEF268 /* AppDelegate.swift in Sources */,
				C968DFD4276B32B800DF86EE /* NotificationHandler.swift in Sources */,
				9049B1E327993D660008F99A /* UNUserNotificationCenterManager.swift in Sources */,
				C97CADBE278EFB7D003F9564 /* PopupVC.swift in Sources */,
				9049B1E127993CF90008F99A /* Helpers.swift in Sources */,
				C9852BA02769D84C005BCC00 /* SecondVC.swift in Sources */,
				C90CF83B278729C0000B704C /* QuestionVC.swift in Sources */,
				C93AE2062768A11D00BEF268 /* SceneDelegate.swift in Sources */,
				C9BBE16B27984AB9002978B4 /* PopupVM.swift in Sources */,
			);
			runOnlyForDeploymentPostprocessing = 0;
		};
/* End PBXSourcesBuildPhase section */

/* Begin PBXVariantGroup section */
		C93AE2092768A11D00BEF268 /* Main.storyboard */ = {
			isa = PBXVariantGroup;
			children = (
				C93AE20A2768A11D00BEF268 /* Base */,
			);
			name = Main.storyboard;
			sourceTree = "<group>";
		};
		C93AE20E2768A11F00BEF268 /* LaunchScreen.storyboard */ = {
			isa = PBXVariantGroup;
			children = (
				C93AE20F2768A11F00BEF268 /* Base */,
			);
			name = LaunchScreen.storyboard;
			sourceTree = "<group>";
		};
/* End PBXVariantGroup section */

/* Begin XCBuildConfiguration section */
		C93AE2122768A11F00BEF268 /* Debug */ = {
			isa = XCBuildConfiguration;
			buildSettings = {
				ALWAYS_SEARCH_USER_PATHS = NO;
				CLANG_ANALYZER_NONNULL = YES;
				CLANG_ANALYZER_NUMBER_OBJECT_CONVERSION = YES_AGGRESSIVE;
				CLANG_CXX_LANGUAGE_STANDARD = "gnu++17";
				CLANG_CXX_LIBRARY = "libc++";
				CLANG_ENABLE_MODULES = YES;
				CLANG_ENABLE_OBJC_ARC = YES;
				CLANG_ENABLE_OBJC_WEAK = YES;
				CLANG_WARN_BLOCK_CAPTURE_AUTORELEASING = YES;
				CLANG_WARN_BOOL_CONVERSION = YES;
				CLANG_WARN_COMMA = YES;
				CLANG_WARN_CONSTANT_CONVERSION = YES;
				CLANG_WARN_DEPRECATED_OBJC_IMPLEMENTATIONS = YES;
				CLANG_WARN_DIRECT_OBJC_ISA_USAGE = YES_ERROR;
				CLANG_WARN_DOCUMENTATION_COMMENTS = YES;
				CLANG_WARN_EMPTY_BODY = YES;
				CLANG_WARN_ENUM_CONVERSION = YES;
				CLANG_WARN_INFINITE_RECURSION = YES;
				CLANG_WARN_INT_CONVERSION = YES;
				CLANG_WARN_NON_LITERAL_NULL_CONVERSION = YES;
				CLANG_WARN_OBJC_IMPLICIT_RETAIN_SELF = YES;
				CLANG_WARN_OBJC_LITERAL_CONVERSION = YES;
				CLANG_WARN_OBJC_ROOT_CLASS = YES_ERROR;
				CLANG_WARN_QUOTED_INCLUDE_IN_FRAMEWORK_HEADER = YES;
				CLANG_WARN_RANGE_LOOP_ANALYSIS = YES;
				CLANG_WARN_STRICT_PROTOTYPES = YES;
				CLANG_WARN_SUSPICIOUS_MOVE = YES;
				CLANG_WARN_UNGUARDED_AVAILABILITY = YES_AGGRESSIVE;
				CLANG_WARN_UNREACHABLE_CODE = YES;
				CLANG_WARN__DUPLICATE_METHOD_MATCH = YES;
				COPY_PHASE_STRIP = NO;
				DEBUG_INFORMATION_FORMAT = dwarf;
				ENABLE_STRICT_OBJC_MSGSEND = YES;
				ENABLE_TESTABILITY = YES;
				GCC_C_LANGUAGE_STANDARD = gnu11;
				GCC_DYNAMIC_NO_PIC = NO;
				GCC_NO_COMMON_BLOCKS = YES;
				GCC_OPTIMIZATION_LEVEL = 0;
				GCC_PREPROCESSOR_DEFINITIONS = (
					"DEBUG=1",
					"$(inherited)",
				);
				GCC_WARN_64_TO_32_BIT_CONVERSION = YES;
				GCC_WARN_ABOUT_RETURN_TYPE = YES_ERROR;
				GCC_WARN_UNDECLARED_SELECTOR = YES;
				GCC_WARN_UNINITIALIZED_AUTOS = YES_AGGRESSIVE;
				GCC_WARN_UNUSED_FUNCTION = YES;
				GCC_WARN_UNUSED_VARIABLE = YES;
				IPHONEOS_DEPLOYMENT_TARGET = 15.0;
				MTL_ENABLE_DEBUG_INFO = INCLUDE_SOURCE;
				MTL_FAST_MATH = YES;
				ONLY_ACTIVE_ARCH = YES;
				SDKROOT = iphoneos;
				SWIFT_ACTIVE_COMPILATION_CONDITIONS = DEBUG;
				SWIFT_OPTIMIZATION_LEVEL = "-Onone";
			};
			name = Debug;
		};
		C93AE2132768A11F00BEF268 /* Release */ = {
			isa = XCBuildConfiguration;
			buildSettings = {
				ALWAYS_SEARCH_USER_PATHS = NO;
				CLANG_ANALYZER_NONNULL = YES;
				CLANG_ANALYZER_NUMBER_OBJECT_CONVERSION = YES_AGGRESSIVE;
				CLANG_CXX_LANGUAGE_STANDARD = "gnu++17";
				CLANG_CXX_LIBRARY = "libc++";
				CLANG_ENABLE_MODULES = YES;
				CLANG_ENABLE_OBJC_ARC = YES;
				CLANG_ENABLE_OBJC_WEAK = YES;
				CLANG_WARN_BLOCK_CAPTURE_AUTORELEASING = YES;
				CLANG_WARN_BOOL_CONVERSION = YES;
				CLANG_WARN_COMMA = YES;
				CLANG_WARN_CONSTANT_CONVERSION = YES;
				CLANG_WARN_DEPRECATED_OBJC_IMPLEMENTATIONS = YES;
				CLANG_WARN_DIRECT_OBJC_ISA_USAGE = YES_ERROR;
				CLANG_WARN_DOCUMENTATION_COMMENTS = YES;
				CLANG_WARN_EMPTY_BODY = YES;
				CLANG_WARN_ENUM_CONVERSION = YES;
				CLANG_WARN_INFINITE_RECURSION = YES;
				CLANG_WARN_INT_CONVERSION = YES;
				CLANG_WARN_NON_LITERAL_NULL_CONVERSION = YES;
				CLANG_WARN_OBJC_IMPLICIT_RETAIN_SELF = YES;
				CLANG_WARN_OBJC_LITERAL_CONVERSION = YES;
				CLANG_WARN_OBJC_ROOT_CLASS = YES_ERROR;
				CLANG_WARN_QUOTED_INCLUDE_IN_FRAMEWORK_HEADER = YES;
				CLANG_WARN_RANGE_LOOP_ANALYSIS = YES;
				CLANG_WARN_STRICT_PROTOTYPES = YES;
				CLANG_WARN_SUSPICIOUS_MOVE = YES;
				CLANG_WARN_UNGUARDED_AVAILABILITY = YES_AGGRESSIVE;
				CLANG_WARN_UNREACHABLE_CODE = YES;
				CLANG_WARN__DUPLICATE_METHOD_MATCH = YES;
				COPY_PHASE_STRIP = NO;
				DEBUG_INFORMATION_FORMAT = "dwarf-with-dsym";
				ENABLE_NS_ASSERTIONS = NO;
				ENABLE_STRICT_OBJC_MSGSEND = YES;
				GCC_C_LANGUAGE_STANDARD = gnu11;
				GCC_NO_COMMON_BLOCKS = YES;
				GCC_WARN_64_TO_32_BIT_CONVERSION = YES;
				GCC_WARN_ABOUT_RETURN_TYPE = YES_ERROR;
				GCC_WARN_UNDECLARED_SELECTOR = YES;
				GCC_WARN_UNINITIALIZED_AUTOS = YES_AGGRESSIVE;
				GCC_WARN_UNUSED_FUNCTION = YES;
				GCC_WARN_UNUSED_VARIABLE = YES;
				IPHONEOS_DEPLOYMENT_TARGET = 15.0;
				MTL_ENABLE_DEBUG_INFO = NO;
				MTL_FAST_MATH = YES;
				SDKROOT = iphoneos;
				SWIFT_COMPILATION_MODE = wholemodule;
				SWIFT_OPTIMIZATION_LEVEL = "-O";
				VALIDATE_PRODUCT = YES;
			};
			name = Release;
		};
		C93AE2152768A11F00BEF268 /* Debug */ = {
			isa = XCBuildConfiguration;
			buildSettings = {
				ASSETCATALOG_COMPILER_APPICON_NAME = AppIcon;
				ASSETCATALOG_COMPILER_GLOBAL_ACCENT_COLOR_NAME = AccentColor;
				CODE_SIGN_STYLE = Automatic;
				CURRENT_PROJECT_VERSION = 1;
				DEVELOPMENT_TEAM = DQ5Q4WTVZF;
				GENERATE_INFOPLIST_FILE = YES;
				INFOPLIST_FILE = LocalNotification1H/Info.plist;
				INFOPLIST_KEY_UIApplicationSupportsIndirectInputEvents = YES;
				INFOPLIST_KEY_UILaunchStoryboardName = LaunchScreen;
				INFOPLIST_KEY_UIMainStoryboardFile = Main;
				INFOPLIST_KEY_UISupportedInterfaceOrientations_iPad = "UIInterfaceOrientationPortrait UIInterfaceOrientationPortraitUpsideDown UIInterfaceOrientationLandscapeLeft UIInterfaceOrientationLandscapeRight";
				INFOPLIST_KEY_UISupportedInterfaceOrientations_iPhone = "UIInterfaceOrientationPortrait UIInterfaceOrientationLandscapeLeft UIInterfaceOrientationLandscapeRight";
				LD_RUNPATH_SEARCH_PATHS = (
					"$(inherited)",
					"@executable_path/Frameworks",
				);
				MARKETING_VERSION = 1.0;
				PRODUCT_BUNDLE_IDENTIFIER = com.local.notification1H.LocalNotification1H;
				PRODUCT_NAME = "$(TARGET_NAME)";
				SWIFT_EMIT_LOC_STRINGS = YES;
				SWIFT_VERSION = 5.0;
				TARGETED_DEVICE_FAMILY = "1,2";
			};
			name = Debug;
		};
		C93AE2162768A11F00BEF268 /* Release */ = {
			isa = XCBuildConfiguration;
			buildSettings = {
				ASSETCATALOG_COMPILER_APPICON_NAME = AppIcon;
				ASSETCATALOG_COMPILER_GLOBAL_ACCENT_COLOR_NAME = AccentColor;
				CODE_SIGN_STYLE = Automatic;
				CURRENT_PROJECT_VERSION = 1;
				DEVELOPMENT_TEAM = DQ5Q4WTVZF;
				GENERATE_INFOPLIST_FILE = YES;
				INFOPLIST_FILE = LocalNotification1H/Info.plist;
				INFOPLIST_KEY_UIApplicationSupportsIndirectInputEvents = YES;
				INFOPLIST_KEY_UILaunchStoryboardName = LaunchScreen;
				INFOPLIST_KEY_UIMainStoryboardFile = Main;
				INFOPLIST_KEY_UISupportedInterfaceOrientations_iPad = "UIInterfaceOrientationPortrait UIInterfaceOrientationPortraitUpsideDown UIInterfaceOrientationLandscapeLeft UIInterfaceOrientationLandscapeRight";
				INFOPLIST_KEY_UISupportedInterfaceOrientations_iPhone = "UIInterfaceOrientationPortrait UIInterfaceOrientationLandscapeLeft UIInterfaceOrientationLandscapeRight";
				LD_RUNPATH_SEARCH_PATHS = (
					"$(inherited)",
					"@executable_path/Frameworks",
				);
				MARKETING_VERSION = 1.0;
				PRODUCT_BUNDLE_IDENTIFIER = com.local.notification1H.LocalNotification1H;
				PRODUCT_NAME = "$(TARGET_NAME)";
				SWIFT_EMIT_LOC_STRINGS = YES;
				SWIFT_VERSION = 5.0;
				TARGETED_DEVICE_FAMILY = "1,2";
			};
			name = Release;
		};
/* End XCBuildConfiguration section */

/* Begin XCConfigurationList section */
		C93AE1FB2768A11D00BEF268 /* Build configuration list for PBXProject "LocalNotification1H" */ = {
			isa = XCConfigurationList;
			buildConfigurations = (
				C93AE2122768A11F00BEF268 /* Debug */,
				C93AE2132768A11F00BEF268 /* Release */,
			);
			defaultConfigurationIsVisible = 0;
			defaultConfigurationName = Release;
		};
		C93AE2142768A11F00BEF268 /* Build configuration list for PBXNativeTarget "LocalNotification1H" */ = {
			isa = XCConfigurationList;
			buildConfigurations = (
				C93AE2152768A11F00BEF268 /* Debug */,
				C93AE2162768A11F00BEF268 /* Release */,
			);
			defaultConfigurationIsVisible = 0;
			defaultConfigurationName = Release;
		};
/* End XCConfigurationList section */
	};
	rootObject = C93AE1F82768A11D00BEF268 /* Project object */;
}
