// !$*UTF8*$!
{
	archiveVersion = 1;
	classes = {
	};
	objectVersion = 55;
	objects = {

/* Begin PBXBuildFile section */
		9049B1E127993CF90008F99A /* Helpers.swift in Sources */ = {isa = PBXBuildFile; fileRef = 9049B1E027993CF90008F99A /* Helpers.swift */; };
		9049B1E327993D660008F99A /* UNUserNotificationCenterManager.swift in Sources */ = {isa = PBXBuildFile; fileRef = 9049B1E227993D660008F99A /* UNUserNotificationCenterManager.swift */; };
		9049B1E5279941130008F99A /* PopupVC.xib in Resources */ = {isa = PBXBuildFile; fileRef = 9049B1E4279941130008F99A /* PopupVC.xib */; };
		C90CF83B278729C0000B704C /* QuestionVC.swift in Sources */ = {isa = PBXBuildFile; fileRef = C90CF83A278729C0000B704C /* QuestionVC.swift */; };
		C93A052A279FC1C200AB7884 /* error-wait.gif in Resources */ = {isa = PBXBuildFile; fileRef = C93A0529279FC1C200AB7884 /* error-wait.gif */; };
		C93AE2042768A11D00BEF268 /* AppDelegate.swift in Sources */ = {isa = PBXBuildFile; fileRef = C93AE2032768A11D00BEF268 /* AppDelegate.swift */; };
		C93AE2062768A11D00BEF268 /* SceneDelegate.swift in Sources */ = {isa = PBXBuildFile; fileRef = C93AE2052768A11D00BEF268 /* SceneDelegate.swift */; };
		C93AE2082768A11D00BEF268 /* NotificationVC.swift in Sources */ = {isa = PBXBuildFile; fileRef = C93AE2072768A11D00BEF268 /* NotificationVC.swift */; };
		C93AE20B2768A11D00BEF268 /* Main.storyboard in Resources */ = {isa = PBXBuildFile; fileRef = C93AE2092768A11D00BEF268 /* Main.storyboard */; };
		C93AE20D2768A11F00BEF268 /* Assets.xcassets in Resources */ = {isa = PBXBuildFile; fileRef = C93AE20C2768A11F00BEF268 /* Assets.xcassets */; };
		C93AE2102768A11F00BEF268 /* LaunchScreen.storyboard in Resources */ = {isa = PBXBuildFile; fileRef = C93AE20E2768A11F00BEF268 /* LaunchScreen.storyboard */; };
		C963BD0427AAB2A9005E6765 /* friends.png in Resources */ = {isa = PBXBuildFile; fileRef = C963BD0327AAB2A9005E6765 /* friends.png */; };
		C963BD0527AAB2A9005E6765 /* friends.png in Resources */ = {isa = PBXBuildFile; fileRef = C963BD0327AAB2A9005E6765 /* friends.png */; };
		C963BD0727AAB384005E6765 /* FriendsVC.swift in Sources */ = {isa = PBXBuildFile; fileRef = C963BD0627AAB384005E6765 /* FriendsVC.swift */; };
		C963BD0827AAB384005E6765 /* FriendsVC.swift in Sources */ = {isa = PBXBuildFile; fileRef = C963BD0627AAB384005E6765 /* FriendsVC.swift */; };
		C968DFD4276B32B800DF86EE /* NotificationHandler.swift in Sources */ = {isa = PBXBuildFile; fileRef = C968DFD3276B32B800DF86EE /* NotificationHandler.swift */; };
		C9788B4727A98BE800F9B670 /* NotificationService.swift in Sources */ = {isa = PBXBuildFile; fileRef = C9788B4627A98BE800F9B670 /* NotificationService.swift */; };
		C9788B4B27A98BE800F9B670 /* LocalNotificationService.appex in Embed App Extensions */ = {isa = PBXBuildFile; fileRef = C9788B4427A98BE800F9B670 /* LocalNotificationService.appex */; settings = {ATTRIBUTES = (RemoveHeadersOnCopy, ); }; };
		C97CADBE278EFB7D003F9564 /* PopupVC.swift in Sources */ = {isa = PBXBuildFile; fileRef = C97CADBD278EFB7D003F9564 /* PopupVC.swift */; };
		C9852BA02769D84C005BCC00 /* SecondVC.swift in Sources */ = {isa = PBXBuildFile; fileRef = C9852B9F2769D84B005BCC00 /* SecondVC.swift */; };
		C991E5AD27A032C60096F1C7 /* TVS.mp4 in Resources */ = {isa = PBXBuildFile; fileRef = C991E5AC27A032C60096F1C7 /* TVS.mp4 */; };
		C9BA1BAF27C4EF3500D17586 /* NotificationData.swift in Sources */ = {isa = PBXBuildFile; fileRef = C9BA1BAE27C4EF3500D17586 /* NotificationData.swift */; };
		C9BBE16B27984AB9002978B4 /* PopupVM.swift in Sources */ = {isa = PBXBuildFile; fileRef = C9BBE16A27984AB9002978B4 /* PopupVM.swift */; };
		C9FE826B27AB845100CEF822 /* UserNotifications.framework in Frameworks */ = {isa = PBXBuildFile; fileRef = C9FE826A27AB845100CEF822 /* UserNotifications.framework */; };
		C9FE826D27AB845100CEF822 /* UserNotificationsUI.framework in Frameworks */ = {isa = PBXBuildFile; fileRef = C9FE826C27AB845100CEF822 /* UserNotificationsUI.framework */; };
		C9FE827027AB845100CEF822 /* NotificationViewController.swift in Sources */ = {isa = PBXBuildFile; fileRef = C9FE826F27AB845100CEF822 /* NotificationViewController.swift */; };
		C9FE827327AB845100CEF822 /* MainInterface.storyboard in Resources */ = {isa = PBXBuildFile; fileRef = C9FE827127AB845100CEF822 /* MainInterface.storyboard */; };
		C9FE827727AB845100CEF822 /* LocalNotificationContent.appex in Embed App Extensions */ = {isa = PBXBuildFile; fileRef = C9FE826827AB845100CEF822 /* LocalNotificationContent.appex */; settings = {ATTRIBUTES = (RemoveHeadersOnCopy, ); }; };
		C9FE827B27AB9A9100CEF822 /* Assets.xcassets in Resources */ = {isa = PBXBuildFile; fileRef = C93AE20C2768A11F00BEF268 /* Assets.xcassets */; };
/* End PBXBuildFile section */

/* Begin PBXContainerItemProxy section */
		C9788B4927A98BE800F9B670 /* PBXContainerItemProxy */ = {
			isa = PBXContainerItemProxy;
			containerPortal = C93AE1F82768A11D00BEF268 /* Project object */;
			proxyType = 1;
			remoteGlobalIDString = C9788B4327A98BE800F9B670;
			remoteInfo = LocalNotificationService;
		};
		C9FE827527AB845100CEF822 /* PBXContainerItemProxy */ = {
			isa = PBXContainerItemProxy;
			containerPortal = C93AE1F82768A11D00BEF268 /* Project object */;
			proxyType = 1;
			remoteGlobalIDString = C9FE826727AB845100CEF822;
			remoteInfo = LocalNotificationContent;
		};
/* End PBXContainerItemProxy section */

/* Begin PBXCopyFilesBuildPhase section */
		C9788B4C27A98BE800F9B670 /* Embed App Extensions */ = {
			isa = PBXCopyFilesBuildPhase;
			buildActionMask = 2147483647;
			dstPath = "";
			dstSubfolderSpec = 13;
			files = (
				C9788B4B27A98BE800F9B670 /* LocalNotificationService.appex in Embed App Extensions */,
				C9FE827727AB845100CEF822 /* LocalNotificationContent.appex in Embed App Extensions */,
			);
			name = "Embed App Extensions";
			runOnlyForDeploymentPostprocessing = 0;
		};
/* End PBXCopyFilesBuildPhase section */

/* Begin PBXFileReference section */
		9049B1E027993CF90008F99A /* Helpers.swift */ = {isa = PBXFileReference; lastKnownFileType = sourcecode.swift; path = Helpers.swift; sourceTree = "<group>"; };
		9049B1E227993D660008F99A /* UNUserNotificationCenterManager.swift */ = {isa = PBXFileReference; lastKnownFileType = sourcecode.swift; path = UNUserNotificationCenterManager.swift; sourceTree = "<group>"; };
		9049B1E4279941130008F99A /* PopupVC.xib */ = {isa = PBXFileReference; lastKnownFileType = file.xib; path = PopupVC.xib; sourceTree = "<group>"; };
		C90CF83A278729C0000B704C /* QuestionVC.swift */ = {isa = PBXFileReference; lastKnownFileType = sourcecode.swift; path = QuestionVC.swift; sourceTree = "<group>"; };
		C93A0529279FC1C200AB7884 /* error-wait.gif */ = {isa = PBXFileReference; lastKnownFileType = image.gif; path = "error-wait.gif"; sourceTree = "<group>"; };
		C93AE2002768A11D00BEF268 /* LocalNotification1H.app */ = {isa = PBXFileReference; explicitFileType = wrapper.application; includeInIndex = 0; path = LocalNotification1H.app; sourceTree = BUILT_PRODUCTS_DIR; };
		C93AE2032768A11D00BEF268 /* AppDelegate.swift */ = {isa = PBXFileReference; lastKnownFileType = sourcecode.swift; path = AppDelegate.swift; sourceTree = "<group>"; };
		C93AE2052768A11D00BEF268 /* SceneDelegate.swift */ = {isa = PBXFileReference; lastKnownFileType = sourcecode.swift; path = SceneDelegate.swift; sourceTree = "<group>"; };
		C93AE2072768A11D00BEF268 /* NotificationVC.swift */ = {isa = PBXFileReference; lastKnownFileType = sourcecode.swift; path = NotificationVC.swift; sourceTree = "<group>"; };
		C93AE20A2768A11D00BEF268 /* Base */ = {isa = PBXFileReference; lastKnownFileType = file.storyboard; name = Base; path = Base.lproj/Main.storyboard; sourceTree = "<group>"; };
		C93AE20C2768A11F00BEF268 /* Assets.xcassets */ = {isa = PBXFileReference; lastKnownFileType = folder.assetcatalog; path = Assets.xcassets; sourceTree = "<group>"; };
		C93AE20F2768A11F00BEF268 /* Base */ = {isa = PBXFileReference; lastKnownFileType = file.storyboard; name = Base; path = Base.lproj/LaunchScreen.storyboard; sourceTree = "<group>"; };
		C93AE2112768A11F00BEF268 /* Info.plist */ = {isa = PBXFileReference; lastKnownFileType = text.plist.xml; path = Info.plist; sourceTree = "<group>"; };
		C963BD0327AAB2A9005E6765 /* friends.png */ = {isa = PBXFileReference; lastKnownFileType = image.png; path = friends.png; sourceTree = "<group>"; };
		C963BD0627AAB384005E6765 /* FriendsVC.swift */ = {isa = PBXFileReference; lastKnownFileType = sourcecode.swift; path = FriendsVC.swift; sourceTree = "<group>"; };
		C968DFD3276B32B800DF86EE /* NotificationHandler.swift */ = {isa = PBXFileReference; lastKnownFileType = sourcecode.swift; path = NotificationHandler.swift; sourceTree = "<group>"; };
		C9788B4427A98BE800F9B670 /* LocalNotificationService.appex */ = {isa = PBXFileReference; explicitFileType = "wrapper.app-extension"; includeInIndex = 0; path = LocalNotificationService.appex; sourceTree = BUILT_PRODUCTS_DIR; };
		C9788B4627A98BE800F9B670 /* NotificationService.swift */ = {isa = PBXFileReference; lastKnownFileType = sourcecode.swift; path = NotificationService.swift; sourceTree = "<group>"; };
		C9788B4827A98BE800F9B670 /* Info.plist */ = {isa = PBXFileReference; lastKnownFileType = text.plist.xml; path = Info.plist; sourceTree = "<group>"; };
		C9788B5027A98CCC00F9B670 /* LocalNotification1H.entitlements */ = {isa = PBXFileReference; lastKnownFileType = text.plist.entitlements; path = LocalNotification1H.entitlements; sourceTree = "<group>"; };
		C9788B5127A98DBD00F9B670 /* LocalNotificationService.entitlements */ = {isa = PBXFileReference; lastKnownFileType = text.plist.entitlements; path = LocalNotificationService.entitlements; sourceTree = "<group>"; };
		C97CADBD278EFB7D003F9564 /* PopupVC.swift */ = {isa = PBXFileReference; lastKnownFileType = sourcecode.swift; path = PopupVC.swift; sourceTree = "<group>"; };
		C9852B9F2769D84B005BCC00 /* SecondVC.swift */ = {isa = PBXFileReference; lastKnownFileType = sourcecode.swift; path = SecondVC.swift; sourceTree = "<group>"; };
		C991E5AC27A032C60096F1C7 /* TVS.mp4 */ = {isa = PBXFileReference; lastKnownFileType = file; path = TVS.mp4; sourceTree = "<group>"; };
		C9BA1BAE27C4EF3500D17586 /* NotificationData.swift */ = {isa = PBXFileReference; lastKnownFileType = sourcecode.swift; path = NotificationData.swift; sourceTree = "<group>"; };
		C9BBE16A27984AB9002978B4 /* PopupVM.swift */ = {isa = PBXFileReference; lastKnownFileType = sourcecode.swift; path = PopupVM.swift; sourceTree = "<group>"; };
		C9FE826827AB845100CEF822 /* LocalNotificationContent.appex */ = {isa = PBXFileReference; explicitFileType = "wrapper.app-extension"; includeInIndex = 0; path = LocalNotificationContent.appex; sourceTree = BUILT_PRODUCTS_DIR; };
		C9FE826A27AB845100CEF822 /* UserNotifications.framework */ = {isa = PBXFileReference; lastKnownFileType = wrapper.framework; name = UserNotifications.framework; path = System/Library/Frameworks/UserNotifications.framework; sourceTree = SDKROOT; };
		C9FE826C27AB845100CEF822 /* UserNotificationsUI.framework */ = {isa = PBXFileReference; lastKnownFileType = wrapper.framework; name = UserNotificationsUI.framework; path = System/Library/Frameworks/UserNotificationsUI.framework; sourceTree = SDKROOT; };
		C9FE826F27AB845100CEF822 /* NotificationViewController.swift */ = {isa = PBXFileReference; lastKnownFileType = sourcecode.swift; path = NotificationViewController.swift; sourceTree = "<group>"; };
		C9FE827227AB845100CEF822 /* Base */ = {isa = PBXFileReference; lastKnownFileType = file.storyboard; name = Base; path = Base.lproj/MainInterface.storyboard; sourceTree = "<group>"; };
		C9FE827427AB845100CEF822 /* Info.plist */ = {isa = PBXFileReference; lastKnownFileType = text.plist.xml; path = Info.plist; sourceTree = "<group>"; };
/* End PBXFileReference section */

/* Begin PBXFrameworksBuildPhase section */
		C93AE1FD2768A11D00BEF268 /* Frameworks */ = {
			isa = PBXFrameworksBuildPhase;
			buildActionMask = 2147483647;
			files = (
			);
			runOnlyForDeploymentPostprocessing = 0;
		};
		C9788B4127A98BE800F9B670 /* Frameworks */ = {
			isa = PBXFrameworksBuildPhase;
			buildActionMask = 2147483647;
			files = (
			);
			runOnlyForDeploymentPostprocessing = 0;
		};
		C9FE826527AB845100CEF822 /* Frameworks */ = {
			isa = PBXFrameworksBuildPhase;
			buildActionMask = 2147483647;
			files = (
				C9FE826D27AB845100CEF822 /* UserNotificationsUI.framework in Frameworks */,
				C9FE826B27AB845100CEF822 /* UserNotifications.framework in Frameworks */,
			);
			runOnlyForDeploymentPostprocessing = 0;
		};
/* End PBXFrameworksBuildPhase section */

/* Begin PBXGroup section */
		C91CF6AF27C3716A00A08D5A /* Handlers */ = {
			isa = PBXGroup;
			children = (
				C968DFD3276B32B800DF86EE /* NotificationHandler.swift */,
				9049B1E227993D660008F99A /* UNUserNotificationCenterManager.swift */,
				9049B1E027993CF90008F99A /* Helpers.swift */,
			);
			path = Handlers;
			sourceTree = "<group>";
		};
		C91CF6B027C3A6B000A08D5A /* Model */ = {
			isa = PBXGroup;
			children = (
			);
			path = Model;
			sourceTree = "<group>";
		};
		C93AE1F72768A11D00BEF268 = {
			isa = PBXGroup;
			children = (
				C93AE2022768A11D00BEF268 /* LocalNotification1H */,
				C9788B4527A98BE800F9B670 /* LocalNotificationService */,
				C9FE826E27AB845100CEF822 /* LocalNotificationContent */,
				C9FE826927AB845100CEF822 /* Frameworks */,
				C93AE2012768A11D00BEF268 /* Products */,
			);
			sourceTree = "<group>";
		};
		C93AE2012768A11D00BEF268 /* Products */ = {
			isa = PBXGroup;
			children = (
				C93AE2002768A11D00BEF268 /* LocalNotification1H.app */,
				C9788B4427A98BE800F9B670 /* LocalNotificationService.appex */,
				C9FE826827AB845100CEF822 /* LocalNotificationContent.appex */,
			);
			name = Products;
			sourceTree = "<group>";
		};
		C93AE2022768A11D00BEF268 /* LocalNotification1H */ = {
			isa = PBXGroup;
			children = (
				C9788B5027A98CCC00F9B670 /* LocalNotification1H.entitlements */,
				C91CF6B027C3A6B000A08D5A /* Model */,
				C98FB0C62768D38A00CDDC01 /* View */,
				C98FB0C52768D38500CDDC01 /* Controllers */,
				C91CF6AF27C3716A00A08D5A /* Handlers */,
				C98FB0C42768D37F00CDDC01 /* Main */,
				C93AE20C2768A11F00BEF268 /* Assets.xcassets */,
				C963BD0327AAB2A9005E6765 /* friends.png */,
				C991E5AC27A032C60096F1C7 /* TVS.mp4 */,
				C93A0529279FC1C200AB7884 /* error-wait.gif */,
				C93AE20E2768A11F00BEF268 /* LaunchScreen.storyboard */,
				C93AE2112768A11F00BEF268 /* Info.plist */,
			);
			path = LocalNotification1H;
			sourceTree = "<group>";
		};
		C9788B4527A98BE800F9B670 /* LocalNotificationService */ = {
			isa = PBXGroup;
			children = (
				C9788B5127A98DBD00F9B670 /* LocalNotificationService.entitlements */,
				C9788B4627A98BE800F9B670 /* NotificationService.swift */,
				C9788B4827A98BE800F9B670 /* Info.plist */,
			);
			path = LocalNotificationService;
			sourceTree = "<group>";
		};
		C97CADBC278EFB5B003F9564 /* Popup */ = {
			isa = PBXGroup;
			children = (
				C97CADBD278EFB7D003F9564 /* PopupVC.swift */,
				C9BBE16A27984AB9002978B4 /* PopupVM.swift */,
				9049B1E4279941130008F99A /* PopupVC.xib */,
			);
			path = Popup;
			sourceTree = "<group>";
		};
		C98FB0C42768D37F00CDDC01 /* Main */ = {
			isa = PBXGroup;
			children = (
				C93AE2032768A11D00BEF268 /* AppDelegate.swift */,
				C93AE2052768A11D00BEF268 /* SceneDelegate.swift */,
			);
			path = Main;
			sourceTree = "<group>";
		};
		C98FB0C52768D38500CDDC01 /* Controllers */ = {
			isa = PBXGroup;
			children = (
				C97CADBC278EFB5B003F9564 /* Popup */,
				C93AE2072768A11D00BEF268 /* NotificationVC.swift */,
				C9852B9F2769D84B005BCC00 /* SecondVC.swift */,
				C90CF83A278729C0000B704C /* QuestionVC.swift */,
				C963BD0627AAB384005E6765 /* FriendsVC.swift */,
			);
			path = Controllers;
			sourceTree = "<group>";
		};
		C98FB0C62768D38A00CDDC01 /* View */ = {
			isa = PBXGroup;
			children = (
				C93AE2092768A11D00BEF268 /* Main.storyboard */,
			);
			path = View;
			sourceTree = "<group>";
		};
		C9FE826927AB845100CEF822 /* Frameworks */ = {
			isa = PBXGroup;
			children = (
				C9FE826A27AB845100CEF822 /* UserNotifications.framework */,
				C9FE826C27AB845100CEF822 /* UserNotificationsUI.framework */,
			);
			name = Frameworks;
			sourceTree = "<group>";
		};
		C9FE826E27AB845100CEF822 /* LocalNotificationContent */ = {
			isa = PBXGroup;
			children = (
				C9BA1BAE27C4EF3500D17586 /* NotificationData.swift */,
				C9FE826F27AB845100CEF822 /* NotificationViewController.swift */,
				C9FE827127AB845100CEF822 /* MainInterface.storyboard */,
				C9FE827427AB845100CEF822 /* Info.plist */,
			);
			path = LocalNotificationContent;
			sourceTree = "<group>";
		};
/* End PBXGroup section */

/* Begin PBXNativeTarget section */
		C93AE1FF2768A11D00BEF268 /* LocalNotification1H */ = {
			isa = PBXNativeTarget;
			buildConfigurationList = C93AE2142768A11F00BEF268 /* Build configuration list for PBXNativeTarget "LocalNotification1H" */;
			buildPhases = (
				C93AE1FC2768A11D00BEF268 /* Sources */,
				C93AE1FD2768A11D00BEF268 /* Frameworks */,
				C93AE1FE2768A11D00BEF268 /* Resources */,
				C9788B4C27A98BE800F9B670 /* Embed App Extensions */,
			);
			buildRules = (
			);
			dependencies = (
				C9788B4A27A98BE800F9B670 /* PBXTargetDependency */,
				C9FE827627AB845100CEF822 /* PBXTargetDependency */,
			);
			name = LocalNotification1H;
			productName = LocalNotification1H;
			productReference = C93AE2002768A11D00BEF268 /* LocalNotification1H.app */;
			productType = "com.apple.product-type.application";
		};
		C9788B4327A98BE800F9B670 /* LocalNotificationService */ = {
			isa = PBXNativeTarget;
			buildConfigurationList = C9788B4F27A98BE800F9B670 /* Build configuration list for PBXNativeTarget "LocalNotificationService" */;
			buildPhases = (
				C9788B4027A98BE800F9B670 /* Sources */,
				C9788B4127A98BE800F9B670 /* Frameworks */,
				C9788B4227A98BE800F9B670 /* Resources */,
			);
			buildRules = (
			);
			dependencies = (
			);
			name = LocalNotificationService;
			productName = LocalNotificationService;
			productReference = C9788B4427A98BE800F9B670 /* LocalNotificationService.appex */;
			productType = "com.apple.product-type.app-extension";
		};
		C9FE826727AB845100CEF822 /* LocalNotificationContent */ = {
			isa = PBXNativeTarget;
			buildConfigurationList = C9FE827827AB845100CEF822 /* Build configuration list for PBXNativeTarget "LocalNotificationContent" */;
			buildPhases = (
				C9FE826427AB845100CEF822 /* Sources */,
				C9FE826527AB845100CEF822 /* Frameworks */,
				C9FE826627AB845100CEF822 /* Resources */,
			);
			buildRules = (
			);
			dependencies = (
			);
			name = LocalNotificationContent;
			productName = LocalNotificationContent;
			productReference = C9FE826827AB845100CEF822 /* LocalNotificationContent.appex */;
			productType = "com.apple.product-type.app-extension";
		};
/* End PBXNativeTarget section */

/* Begin PBXProject section */
		C93AE1F82768A11D00BEF268 /* Project object */ = {
			isa = PBXProject;
			attributes = {
				BuildIndependentTargetsInParallel = 1;
				LastSwiftUpdateCheck = 1310;
				LastUpgradeCheck = 1310;
				TargetAttributes = {
					C93AE1FF2768A11D00BEF268 = {
						CreatedOnToolsVersion = 13.1;
					};
					C9788B4327A98BE800F9B670 = {
						CreatedOnToolsVersion = 13.1;
					};
					C9FE826727AB845100CEF822 = {
						CreatedOnToolsVersion = 13.1;
					};
				};
			};
			buildConfigurationList = C93AE1FB2768A11D00BEF268 /* Build configuration list for PBXProject "LocalNotification1H" */;
			compatibilityVersion = "Xcode 13.0";
			developmentRegion = en;
			hasScannedForEncodings = 0;
			knownRegions = (
				en,
				Base,
			);
			mainGroup = C93AE1F72768A11D00BEF268;
			productRefGroup = C93AE2012768A11D00BEF268 /* Products */;
			projectDirPath = "";
			projectRoot = "";
			targets = (
				C93AE1FF2768A11D00BEF268 /* LocalNotification1H */,
				C9788B4327A98BE800F9B670 /* LocalNotificationService */,
				C9FE826727AB845100CEF822 /* LocalNotificationContent */,
			);
		};
/* End PBXProject section */

/* Begin PBXResourcesBuildPhase section */
		C93AE1FE2768A11D00BEF268 /* Resources */ = {
			isa = PBXResourcesBuildPhase;
			buildActionMask = 2147483647;
			files = (
				C963BD0427AAB2A9005E6765 /* friends.png in Resources */,
				C93AE2102768A11F00BEF268 /* LaunchScreen.storyboard in Resources */,
				9049B1E5279941130008F99A /* PopupVC.xib in Resources */,
				C93AE20D2768A11F00BEF268 /* Assets.xcassets in Resources */,
				C991E5AD27A032C60096F1C7 /* TVS.mp4 in Resources */,
				C93AE20B2768A11D00BEF268 /* Main.storyboard in Resources */,
				C93A052A279FC1C200AB7884 /* error-wait.gif in Resources */,
			);
			runOnlyForDeploymentPostprocessing = 0;
		};
		C9788B4227A98BE800F9B670 /* Resources */ = {
			isa = PBXResourcesBuildPhase;
			buildActionMask = 2147483647;
			files = (
				C963BD0527AAB2A9005E6765 /* friends.png in Resources */,
			);
			runOnlyForDeploymentPostprocessing = 0;
		};
		C9FE826627AB845100CEF822 /* Resources */ = {
			isa = PBXResourcesBuildPhase;
			buildActionMask = 2147483647;
			files = (
				C9FE827B27AB9A9100CEF822 /* Assets.xcassets in Resources */,
				C9FE827327AB845100CEF822 /* MainInterface.storyboard in Resources */,
			);
			runOnlyForDeploymentPostprocessing = 0;
		};
/* End PBXResourcesBuildPhase section */

/* Begin PBXSourcesBuildPhase section */
		C93AE1FC2768A11D00BEF268 /* Sources */ = {
			isa = PBXSourcesBuildPhase;
			buildActionMask = 2147483647;
			files = (
				C963BD0727AAB384005E6765 /* FriendsVC.swift in Sources */,
				C93AE2082768A11D00BEF268 /* NotificationVC.swift in Sources */,
				C93AE2042768A11D00BEF268 /* AppDelegate.swift in Sources */,
				C968DFD4276B32B800DF86EE /* NotificationHandler.swift in Sources */,
				9049B1E327993D660008F99A /* UNUserNotificationCenterManager.swift in Sources */,
				C97CADBE278EFB7D003F9564 /* PopupVC.swift in Sources */,
				9049B1E127993CF90008F99A /* Helpers.swift in Sources */,
				C9852BA02769D84C005BCC00 /* SecondVC.swift in Sources */,
				C90CF83B278729C0000B704C /* QuestionVC.swift in Sources */,
				C93AE2062768A11D00BEF268 /* SceneDelegate.swift in Sources */,
				C9BBE16B27984AB9002978B4 /* PopupVM.swift in Sources */,
			);
			runOnlyForDeploymentPostprocessing = 0;
		};
		C9788B4027A98BE800F9B670 /* Sources */ = {
			isa = PBXSourcesBuildPhase;
			buildActionMask = 2147483647;
			files = (
				C963BD0827AAB384005E6765 /* FriendsVC.swift in Sources */,
				C9788B4727A98BE800F9B670 /* NotificationService.swift in Sources */,
			);
			runOnlyForDeploymentPostprocessing = 0;
		};
		C9FE826427AB845100CEF822 /* Sources */ = {
			isa = PBXSourcesBuildPhase;
			buildActionMask = 2147483647;
			files = (
				C9BA1BAF27C4EF3500D17586 /* NotificationData.swift in Sources */,
				C9FE827027AB845100CEF822 /* NotificationViewController.swift in Sources */,
			);
			runOnlyForDeploymentPostprocessing = 0;
		};
/* End PBXSourcesBuildPhase section */

/* Begin PBXTargetDependency section */
		C9788B4A27A98BE800F9B670 /* PBXTargetDependency */ = {
			isa = PBXTargetDependency;
			target = C9788B4327A98BE800F9B670 /* LocalNotificationService */;
			targetProxy = C9788B4927A98BE800F9B670 /* PBXContainerItemProxy */;
		};
		C9FE827627AB845100CEF822 /* PBXTargetDependency */ = {
			isa = PBXTargetDependency;
			target = C9FE826727AB845100CEF822 /* LocalNotificationContent */;
			targetProxy = C9FE827527AB845100CEF822 /* PBXContainerItemProxy */;
		};
/* End PBXTargetDependency section */

/* Begin PBXVariantGroup section */
		C93AE2092768A11D00BEF268 /* Main.storyboard */ = {
			isa = PBXVariantGroup;
			children = (
				C93AE20A2768A11D00BEF268 /* Base */,
			);
			name = Main.storyboard;
			sourceTree = "<group>";
		};
		C93AE20E2768A11F00BEF268 /* LaunchScreen.storyboard */ = {
			isa = PBXVariantGroup;
			children = (
				C93AE20F2768A11F00BEF268 /* Base */,
			);
			name = LaunchScreen.storyboard;
			sourceTree = "<group>";
		};
		C9FE827127AB845100CEF822 /* MainInterface.storyboard */ = {
			isa = PBXVariantGroup;
			children = (
				C9FE827227AB845100CEF822 /* Base */,
			);
			name = MainInterface.storyboard;
			sourceTree = "<group>";
		};
/* End PBXVariantGroup section */

/* Begin XCBuildConfiguration section */
		C93AE2122768A11F00BEF268 /* Debug */ = {
			isa = XCBuildConfiguration;
			buildSettings = {
				ALWAYS_SEARCH_USER_PATHS = NO;
				CLANG_ANALYZER_NONNULL = YES;
				CLANG_ANALYZER_NUMBER_OBJECT_CONVERSION = YES_AGGRESSIVE;
				CLANG_CXX_LANGUAGE_STANDARD = "gnu++17";
				CLANG_CXX_LIBRARY = "libc++";
				CLANG_ENABLE_MODULES = YES;
				CLANG_ENABLE_OBJC_ARC = YES;
				CLANG_ENABLE_OBJC_WEAK = YES;
				CLANG_WARN_BLOCK_CAPTURE_AUTORELEASING = YES;
				CLANG_WARN_BOOL_CONVERSION = YES;
				CLANG_WARN_COMMA = YES;
				CLANG_WARN_CONSTANT_CONVERSION = YES;
				CLANG_WARN_DEPRECATED_OBJC_IMPLEMENTATIONS = YES;
				CLANG_WARN_DIRECT_OBJC_ISA_USAGE = YES_ERROR;
				CLANG_WARN_DOCUMENTATION_COMMENTS = YES;
				CLANG_WARN_EMPTY_BODY = YES;
				CLANG_WARN_ENUM_CONVERSION = YES;
				CLANG_WARN_INFINITE_RECURSION = YES;
				CLANG_WARN_INT_CONVERSION = YES;
				CLANG_WARN_NON_LITERAL_NULL_CONVERSION = YES;
				CLANG_WARN_OBJC_IMPLICIT_RETAIN_SELF = YES;
				CLANG_WARN_OBJC_LITERAL_CONVERSION = YES;
				CLANG_WARN_OBJC_ROOT_CLASS = YES_ERROR;
				CLANG_WARN_QUOTED_INCLUDE_IN_FRAMEWORK_HEADER = YES;
				CLANG_WARN_RANGE_LOOP_ANALYSIS = YES;
				CLANG_WARN_STRICT_PROTOTYPES = YES;
				CLANG_WARN_SUSPICIOUS_MOVE = YES;
				CLANG_WARN_UNGUARDED_AVAILABILITY = YES_AGGRESSIVE;
				CLANG_WARN_UNREACHABLE_CODE = YES;
				CLANG_WARN__DUPLICATE_METHOD_MATCH = YES;
				COPY_PHASE_STRIP = NO;
				DEBUG_INFORMATION_FORMAT = dwarf;
				ENABLE_STRICT_OBJC_MSGSEND = YES;
				ENABLE_TESTABILITY = YES;
				GCC_C_LANGUAGE_STANDARD = gnu11;
				GCC_DYNAMIC_NO_PIC = NO;
				GCC_NO_COMMON_BLOCKS = YES;
				GCC_OPTIMIZATION_LEVEL = 0;
				GCC_PREPROCESSOR_DEFINITIONS = (
					"DEBUG=1",
					"$(inherited)",
				);
				GCC_WARN_64_TO_32_BIT_CONVERSION = YES;
				GCC_WARN_ABOUT_RETURN_TYPE = YES_ERROR;
				GCC_WARN_UNDECLARED_SELECTOR = YES;
				GCC_WARN_UNINITIALIZED_AUTOS = YES_AGGRESSIVE;
				GCC_WARN_UNUSED_FUNCTION = YES;
				GCC_WARN_UNUSED_VARIABLE = YES;
				IPHONEOS_DEPLOYMENT_TARGET = 15.0;
				MTL_ENABLE_DEBUG_INFO = INCLUDE_SOURCE;
				MTL_FAST_MATH = YES;
				ONLY_ACTIVE_ARCH = YES;
				SDKROOT = iphoneos;
				SWIFT_ACTIVE_COMPILATION_CONDITIONS = DEBUG;
				SWIFT_OPTIMIZATION_LEVEL = "-Onone";
			};
			name = Debug;
		};
		C93AE2132768A11F00BEF268 /* Release */ = {
			isa = XCBuildConfiguration;
			buildSettings = {
				ALWAYS_SEARCH_USER_PATHS = NO;
				CLANG_ANALYZER_NONNULL = YES;
				CLANG_ANALYZER_NUMBER_OBJECT_CONVERSION = YES_AGGRESSIVE;
				CLANG_CXX_LANGUAGE_STANDARD = "gnu++17";
				CLANG_CXX_LIBRARY = "libc++";
				CLANG_ENABLE_MODULES = YES;
				CLANG_ENABLE_OBJC_ARC = YES;
				CLANG_ENABLE_OBJC_WEAK = YES;
				CLANG_WARN_BLOCK_CAPTURE_AUTORELEASING = YES;
				CLANG_WARN_BOOL_CONVERSION = YES;
				CLANG_WARN_COMMA = YES;
				CLANG_WARN_CONSTANT_CONVERSION = YES;
				CLANG_WARN_DEPRECATED_OBJC_IMPLEMENTATIONS = YES;
				CLANG_WARN_DIRECT_OBJC_ISA_USAGE = YES_ERROR;
				CLANG_WARN_DOCUMENTATION_COMMENTS = YES;
				CLANG_WARN_EMPTY_BODY = YES;
				CLANG_WARN_ENUM_CONVERSION = YES;
				CLANG_WARN_INFINITE_RECURSION = YES;
				CLANG_WARN_INT_CONVERSION = YES;
				CLANG_WARN_NON_LITERAL_NULL_CONVERSION = YES;
				CLANG_WARN_OBJC_IMPLICIT_RETAIN_SELF = YES;
				CLANG_WARN_OBJC_LITERAL_CONVERSION = YES;
				CLANG_WARN_OBJC_ROOT_CLASS = YES_ERROR;
				CLANG_WARN_QUOTED_INCLUDE_IN_FRAMEWORK_HEADER = YES;
				CLANG_WARN_RANGE_LOOP_ANALYSIS = YES;
				CLANG_WARN_STRICT_PROTOTYPES = YES;
				CLANG_WARN_SUSPICIOUS_MOVE = YES;
				CLANG_WARN_UNGUARDED_AVAILABILITY = YES_AGGRESSIVE;
				CLANG_WARN_UNREACHABLE_CODE = YES;
				CLANG_WARN__DUPLICATE_METHOD_MATCH = YES;
				COPY_PHASE_STRIP = NO;
				DEBUG_INFORMATION_FORMAT = "dwarf-with-dsym";
				ENABLE_NS_ASSERTIONS = NO;
				ENABLE_STRICT_OBJC_MSGSEND = YES;
				GCC_C_LANGUAGE_STANDARD = gnu11;
				GCC_NO_COMMON_BLOCKS = YES;
				GCC_WARN_64_TO_32_BIT_CONVERSION = YES;
				GCC_WARN_ABOUT_RETURN_TYPE = YES_ERROR;
				GCC_WARN_UNDECLARED_SELECTOR = YES;
				GCC_WARN_UNINITIALIZED_AUTOS = YES_AGGRESSIVE;
				GCC_WARN_UNUSED_FUNCTION = YES;
				GCC_WARN_UNUSED_VARIABLE = YES;
				IPHONEOS_DEPLOYMENT_TARGET = 15.0;
				MTL_ENABLE_DEBUG_INFO = NO;
				MTL_FAST_MATH = YES;
				SDKROOT = iphoneos;
				SWIFT_COMPILATION_MODE = wholemodule;
				SWIFT_OPTIMIZATION_LEVEL = "-O";
				VALIDATE_PRODUCT = YES;
			};
			name = Release;
		};
		C93AE2152768A11F00BEF268 /* Debug */ = {
			isa = XCBuildConfiguration;
			buildSettings = {
				ALWAYS_EMBED_SWIFT_STANDARD_LIBRARIES = YES;
				ASSETCATALOG_COMPILER_APPICON_NAME = AppIcon;
				ASSETCATALOG_COMPILER_GLOBAL_ACCENT_COLOR_NAME = AccentColor;
				CODE_SIGN_ENTITLEMENTS = LocalNotification1H/LocalNotification1H.entitlements;
				CODE_SIGN_STYLE = Automatic;
				CURRENT_PROJECT_VERSION = 1;
				DEVELOPMENT_TEAM = DQ5Q4WTVZF;
				GENERATE_INFOPLIST_FILE = YES;
				INFOPLIST_FILE = LocalNotification1H/Info.plist;
				INFOPLIST_KEY_UIApplicationSupportsIndirectInputEvents = YES;
				INFOPLIST_KEY_UILaunchStoryboardName = LaunchScreen;
				INFOPLIST_KEY_UIMainStoryboardFile = Main;
				INFOPLIST_KEY_UISupportedInterfaceOrientations_iPad = "UIInterfaceOrientationPortrait UIInterfaceOrientationPortraitUpsideDown UIInterfaceOrientationLandscapeLeft UIInterfaceOrientationLandscapeRight";
				INFOPLIST_KEY_UISupportedInterfaceOrientations_iPhone = "UIInterfaceOrientationPortrait UIInterfaceOrientationLandscapeLeft UIInterfaceOrientationLandscapeRight";
				LD_RUNPATH_SEARCH_PATHS = (
					"$(inherited)",
					"@executable_path/Frameworks",
				);
				MARKETING_VERSION = 1.0;
				PRODUCT_BUNDLE_IDENTIFIER = com.local.notification1H.LocalNotification1H;
				PRODUCT_NAME = "$(TARGET_NAME)";
				SWIFT_EMIT_LOC_STRINGS = YES;
				SWIFT_VERSION = 5.0;
				TARGETED_DEVICE_FAMILY = "1,2";
			};
			name = Debug;
		};
		C93AE2162768A11F00BEF268 /* Release */ = {
			isa = XCBuildConfiguration;
			buildSettings = {
				ALWAYS_EMBED_SWIFT_STANDARD_LIBRARIES = YES;
				ASSETCATALOG_COMPILER_APPICON_NAME = AppIcon;
				ASSETCATALOG_COMPILER_GLOBAL_ACCENT_COLOR_NAME = AccentColor;
				CODE_SIGN_ENTITLEMENTS = LocalNotification1H/LocalNotification1H.entitlements;
				CODE_SIGN_STYLE = Automatic;
				CURRENT_PROJECT_VERSION = 1;
				DEVELOPMENT_TEAM = DQ5Q4WTVZF;
				GENERATE_INFOPLIST_FILE = YES;
				INFOPLIST_FILE = LocalNotification1H/Info.plist;
				INFOPLIST_KEY_UIApplicationSupportsIndirectInputEvents = YES;
				INFOPLIST_KEY_UILaunchStoryboardName = LaunchScreen;
				INFOPLIST_KEY_UIMainStoryboardFile = Main;
				INFOPLIST_KEY_UISupportedInterfaceOrientations_iPad = "UIInterfaceOrientationPortrait UIInterfaceOrientationPortraitUpsideDown UIInterfaceOrientationLandscapeLeft UIInterfaceOrientationLandscapeRight";
				INFOPLIST_KEY_UISupportedInterfaceOrientations_iPhone = "UIInterfaceOrientationPortrait UIInterfaceOrientationLandscapeLeft UIInterfaceOrientationLandscapeRight";
				LD_RUNPATH_SEARCH_PATHS = (
					"$(inherited)",
					"@executable_path/Frameworks",
				);
				MARKETING_VERSION = 1.0;
				PRODUCT_BUNDLE_IDENTIFIER = com.local.notification1H.LocalNotification1H;
				PRODUCT_NAME = "$(TARGET_NAME)";
				SWIFT_EMIT_LOC_STRINGS = YES;
				SWIFT_VERSION = 5.0;
				TARGETED_DEVICE_FAMILY = "1,2";
			};
			name = Release;
		};
		C9788B4D27A98BE800F9B670 /* Debug */ = {
			isa = XCBuildConfiguration;
			buildSettings = {
				CODE_SIGN_ENTITLEMENTS = LocalNotificationService/LocalNotificationService.entitlements;
				CODE_SIGN_STYLE = Automatic;
				CURRENT_PROJECT_VERSION = 1;
				DEVELOPMENT_TEAM = DQ5Q4WTVZF;
				GENERATE_INFOPLIST_FILE = YES;
				INFOPLIST_FILE = LocalNotificationService/Info.plist;
				INFOPLIST_KEY_CFBundleDisplayName = LocalNotificationService;
				INFOPLIST_KEY_NSHumanReadableCopyright = "";
				LD_RUNPATH_SEARCH_PATHS = (
					"$(inherited)",
					"@executable_path/Frameworks",
					"@executable_path/../../Frameworks",
				);
				MARKETING_VERSION = 1.0;
				PRODUCT_BUNDLE_IDENTIFIER = com.local.notification1H.LocalNotification1H.LocalNotificationService;
				PRODUCT_NAME = "$(TARGET_NAME)";
				SKIP_INSTALL = YES;
				SWIFT_EMIT_LOC_STRINGS = YES;
				SWIFT_VERSION = 5.0;
				TARGETED_DEVICE_FAMILY = "1,2";
			};
			name = Debug;
		};
		C9788B4E27A98BE800F9B670 /* Release */ = {
			isa = XCBuildConfiguration;
			buildSettings = {
				CODE_SIGN_ENTITLEMENTS = LocalNotificationService/LocalNotificationService.entitlements;
				CODE_SIGN_STYLE = Automatic;
				CURRENT_PROJECT_VERSION = 1;
				DEVELOPMENT_TEAM = DQ5Q4WTVZF;
				GENERATE_INFOPLIST_FILE = YES;
				INFOPLIST_FILE = LocalNotificationService/Info.plist;
				INFOPLIST_KEY_CFBundleDisplayName = LocalNotificationService;
				INFOPLIST_KEY_NSHumanReadableCopyright = "";
				LD_RUNPATH_SEARCH_PATHS = (
					"$(inherited)",
					"@executable_path/Frameworks",
					"@executable_path/../../Frameworks",
				);
				MARKETING_VERSION = 1.0;
				PRODUCT_BUNDLE_IDENTIFIER = com.local.notification1H.LocalNotification1H.LocalNotificationService;
				PRODUCT_NAME = "$(TARGET_NAME)";
				SKIP_INSTALL = YES;
				SWIFT_EMIT_LOC_STRINGS = YES;
				SWIFT_VERSION = 5.0;
				TARGETED_DEVICE_FAMILY = "1,2";
			};
			name = Release;
		};
		C9FE827927AB845100CEF822 /* Debug */ = {
			isa = XCBuildConfiguration;
			buildSettings = {
				CODE_SIGN_STYLE = Automatic;
				CURRENT_PROJECT_VERSION = 1;
				DEVELOPMENT_TEAM = DQ5Q4WTVZF;
				GENERATE_INFOPLIST_FILE = YES;
				INFOPLIST_FILE = LocalNotificationContent/Info.plist;
				INFOPLIST_KEY_CFBundleDisplayName = LocalNotificationContent;
				INFOPLIST_KEY_NSHumanReadableCopyright = "";
				LD_RUNPATH_SEARCH_PATHS = (
					"$(inherited)",
					"@executable_path/Frameworks",
					"@executable_path/../../Frameworks",
				);
				MARKETING_VERSION = 1.0;
				PRODUCT_BUNDLE_IDENTIFIER = com.local.notification1H.LocalNotification1H.LocalNotificationContent;
				PRODUCT_NAME = "$(TARGET_NAME)";
				SKIP_INSTALL = YES;
				SWIFT_EMIT_LOC_STRINGS = YES;
				SWIFT_VERSION = 5.0;
				TARGETED_DEVICE_FAMILY = "1,2";
			};
			name = Debug;
		};
		C9FE827A27AB845100CEF822 /* Release */ = {
			isa = XCBuildConfiguration;
			buildSettings = {
				CODE_SIGN_STYLE = Automatic;
				CURRENT_PROJECT_VERSION = 1;
				DEVELOPMENT_TEAM = DQ5Q4WTVZF;
				GENERATE_INFOPLIST_FILE = YES;
				INFOPLIST_FILE = LocalNotificationContent/Info.plist;
				INFOPLIST_KEY_CFBundleDisplayName = LocalNotificationContent;
				INFOPLIST_KEY_NSHumanReadableCopyright = "";
				LD_RUNPATH_SEARCH_PATHS = (
					"$(inherited)",
					"@executable_path/Frameworks",
					"@executable_path/../../Frameworks",
				);
				MARKETING_VERSION = 1.0;
				PRODUCT_BUNDLE_IDENTIFIER = com.local.notification1H.LocalNotification1H.LocalNotificationContent;
				PRODUCT_NAME = "$(TARGET_NAME)";
				SKIP_INSTALL = YES;
				SWIFT_EMIT_LOC_STRINGS = YES;
				SWIFT_VERSION = 5.0;
				TARGETED_DEVICE_FAMILY = "1,2";
			};
			name = Release;
		};
/* End XCBuildConfiguration section */

/* Begin XCConfigurationList section */
		C93AE1FB2768A11D00BEF268 /* Build configuration list for PBXProject "LocalNotification1H" */ = {
			isa = XCConfigurationList;
			buildConfigurations = (
				C93AE2122768A11F00BEF268 /* Debug */,
				C93AE2132768A11F00BEF268 /* Release */,
			);
			defaultConfigurationIsVisible = 0;
			defaultConfigurationName = Release;
		};
		C93AE2142768A11F00BEF268 /* Build configuration list for PBXNativeTarget "LocalNotification1H" */ = {
			isa = XCConfigurationList;
			buildConfigurations = (
				C93AE2152768A11F00BEF268 /* Debug */,
				C93AE2162768A11F00BEF268 /* Release */,
			);
			defaultConfigurationIsVisible = 0;
			defaultConfigurationName = Release;
		};
		C9788B4F27A98BE800F9B670 /* Build configuration list for PBXNativeTarget "LocalNotificationService" */ = {
			isa = XCConfigurationList;
			buildConfigurations = (
				C9788B4D27A98BE800F9B670 /* Debug */,
				C9788B4E27A98BE800F9B670 /* Release */,
			);
			defaultConfigurationIsVisible = 0;
			defaultConfigurationName = Release;
		};
		C9FE827827AB845100CEF822 /* Build configuration list for PBXNativeTarget "LocalNotificationContent" */ = {
			isa = XCConfigurationList;
			buildConfigurations = (
				C9FE827927AB845100CEF822 /* Debug */,
				C9FE827A27AB845100CEF822 /* Release */,
			);
			defaultConfigurationIsVisible = 0;
			defaultConfigurationName = Release;
		};
/* End XCConfigurationList section */
	};
	rootObject = C93AE1F82768A11D00BEF268 /* Project object */;
}
